
Microsoft Visual Studio Solution File, Format Version 12.00
Project("{2150E333-8FDC-42A3-9474-1A3956D46DE8}") = "src", "src", "{4C81B223-1808-48BB-A14C-516897CE4193}"
EndProject
Project("{2150E333-8FDC-42A3-9474-1A3956D46DE8}") = "tests", "tests", "{3EDF2C7D-AE35-45FD-B41D-A2BAC3B2EE26}"
EndProject
Project("{FAE04EC0-301F-11D3-BF4B-00C04F79EFBC}") = "iphound.API", "src\iphound.API\iphound.API.csproj", "{20B4FC81-A4C7-4065-A123-691904709C62}"
EndProject
Global
	GlobalSection(SolutionConfigurationPlatforms) = preSolution
		Debug|Any CPU = Debug|Any CPU
		Release|Any CPU = Release|Any CPU
	EndGlobalSection
	GlobalSection(NestedProjects) = preSolution
		{20B4FC81-A4C7-4065-A123-691904709C62} = {4C81B223-1808-48BB-A14C-516897CE4193}
	EndGlobalSection
	GlobalSection(ProjectConfigurationPlatforms) = postSolution
		{20B4FC81-A4C7-4065-A123-691904709C62}.Debug|Any CPU.ActiveCfg = Debug|Any CPU
		{20B4FC81-A4C7-4065-A123-691904709C62}.Debug|Any CPU.Build.0 = Debug|Any CPU
		{20B4FC81-A4C7-4065-A123-691904709C62}.Release|Any CPU.ActiveCfg = Release|Any CPU
		{20B4FC81-A4C7-4065-A123-691904709C62}.Release|Any CPU.Build.0 = Release|Any CPU
	EndGlobalSection
EndGlobal
